
Microsoft Visual Studio Solution File, Format Version 12.00
# Visual Studio Version 17
VisualStudioVersion = 17.4.33122.133
MinimumVisualStudioVersion = 10.0.40219.1
Project("{FAE04EC0-301F-11D3-BF4B-00C04F79EFBC}") = "Platform", "Platform\Platform.csproj", "{2E61D6D0-A3DF-45FE-9E67-963979EBC54B}"
EndProject
Global
	GlobalSection(SolutionConfigurationPlatforms) = preSolution
		Debug|Any CPU = Debug|Any CPU
		Release|Any CPU = Release|Any CPU
	EndGlobalSection
	GlobalSection(ProjectConfigurationPlatforms) = postSolution
		{2E61D6D0-A3DF-45FE-9E67-963979EBC54B}.Debug|Any CPU.ActiveCfg = Debug|Any CPU
		{2E61D6D0-A3DF-45FE-9E67-963979EBC54B}.Debug|Any CPU.Build.0 = Debug|Any CPU
		{2E61D6D0-A3DF-45FE-9E67-963979EBC54B}.Release|Any CPU.ActiveCfg = Release|Any CPU
		{2E61D6D0-A3DF-45FE-9E67-963979EBC54B}.Release|Any CPU.Build.0 = Release|Any CPU
	EndGlobalSection
	GlobalSection(SolutionProperties) = preSolution
		HideSolutionNode = FALSE
	EndGlobalSection
	GlobalSection(ExtensibilityGlobals) = postSolution
		SolutionGuid = {D9CC4D86-032D-4ED3-8E1D-248116551E34}
	EndGlobalSection
EndGlobal
